github.com/gmlewis/advent-of-code-2021 v0.0.36 h1:T+pUr0oVO+H974trf2y2feLQoeunhSb8jPGFw7MYJc4=
github.com/gmlewis/advent-of-code-2021 v0.0.36/go.mod h1:RCFdWsTUb2xDmdb94epDBZGMm2mPy57bvPqTs4Z5q7A=
github.com/google/go-cmp v0.5.9 h1:O2Tfq5qg4qc4AmwVlvv0oLiVAGB7enBSJ2x2DqQFi38=
github.com/google/go-cmp v0.5.9/go.mod h1:17dUlkBOakJ0+DkrSSNjCkIjxS6bF9zb3elmeNGIjoY=
golang.org/x/exp v0.0.0-20230315142452-642cacee5cc0 h1:pVgRXcIictcr+lBQIFeiwuwtDIs4eL21OuM9nyAADmo=
golang.org/x/exp v0.0.0-20230315142452-642cacee5cc0/go.mod h1:CxIveKay+FTh1D0yPZemJVgC/95VzuuOLq5Qi4xnoYc=
